
Microsoft Visual Studio Solution File, Format Version 12.00
# Visual Studio Version 17
VisualStudioVersion = 17.2.32616.157
MinimumVisualStudioVersion = 10.0.40219.1
Project("{FAE04EC0-301F-11D3-BF4B-00C04F79EFBC}") = "ASC_RiscV_P", "ASC_RiscV_P\ASC_RiscV_P.csproj", "{A2AF6726-F70F-42F3-8F1E-CF5A33061FCD}"
EndProject
Global
	GlobalSection(SolutionConfigurationPlatforms) = preSolution
		Debug|Any CPU = Debug|Any CPU
		Release|Any CPU = Release|Any CPU
	EndGlobalSection
	GlobalSection(ProjectConfigurationPlatforms) = postSolution
		{A2AF6726-F70F-42F3-8F1E-CF5A33061FCD}.Debug|Any CPU.ActiveCfg = Debug|Any CPU
		{A2AF6726-F70F-42F3-8F1E-CF5A33061FCD}.Debug|Any CPU.Build.0 = Debug|Any CPU
		{A2AF6726-F70F-42F3-8F1E-CF5A33061FCD}.Release|Any CPU.ActiveCfg = Release|Any CPU
		{A2AF6726-F70F-42F3-8F1E-CF5A33061FCD}.Release|Any CPU.Build.0 = Release|Any CPU
	EndGlobalSection
	GlobalSection(SolutionProperties) = preSolution
		HideSolutionNode = FALSE
	EndGlobalSection
	GlobalSection(ExtensibilityGlobals) = postSolution
		SolutionGuid = {508DFB69-AABA-4C81-9DFD-68E8357356F6}
	EndGlobalSection
EndGlobal
